
Microsoft Visual Studio Solution File, Format Version 12.00
# Visual Studio Version 17
VisualStudioVersion = 17.6.33829.357
MinimumVisualStudioVersion = 10.0.40219.1
Project("{FAE04EC0-301F-11D3-BF4B-00C04F79EFBC}") = "BankAccounts", "BankAccounts.csproj", "{34661036-8424-40C3-92DE-F4A3FCDCFB21}"
EndProject
Global
	GlobalSection(SolutionConfigurationPlatforms) = preSolution
		Debug|Any CPU = Debug|Any CPU
		Release|Any CPU = Release|Any CPU
	EndGlobalSection
	GlobalSection(ProjectConfigurationPlatforms) = postSolution
		{34661036-8424-40C3-92DE-F4A3FCDCFB21}.Debug|Any CPU.ActiveCfg = Debug|Any CPU
		{34661036-8424-40C3-92DE-F4A3FCDCFB21}.Debug|Any CPU.Build.0 = Debug|Any CPU
		{34661036-8424-40C3-92DE-F4A3FCDCFB21}.Release|Any CPU.ActiveCfg = Release|Any CPU
		{34661036-8424-40C3-92DE-F4A3FCDCFB21}.Release|Any CPU.Build.0 = Release|Any CPU
	EndGlobalSection
	GlobalSection(SolutionProperties) = preSolution
		HideSolutionNode = FALSE
	EndGlobalSection
	GlobalSection(ExtensibilityGlobals) = postSolution
		SolutionGuid = {E634B4C4-E04D-4528-A0EE-BFF7D85CD8CC}
	EndGlobalSection
EndGlobal
